name: Generate lockfile

on:
  push:
    branches:
      - infra-lockfile

jobs:
  lockfile:
    runs-on: ubuntu-latest
    steps:
      - name: Checkout
        uses: actions/checkout@v7
      - name: Setup Node
        uses: actions/setup-node@v7
        with:
          node-version: 24
          package-manager-cache: false
      - name: Generate package-lock
        run: npm install --package-lock-only --ignore-scripts --no-audit --no-fund
      - name: Emit lockfile
        run: |
          echo "LOCKFILE_BASE64_BEGIN"
          base64 -w0 package-lock.json
          echo
          echo "LOCKFILE_BASE64_END"
